// !$*UTF8*$!
{
	archiveVersion = 1;
	classes = {
	};
	objectVersion = 50;
	objects = {

/* Begin PBXBuildFile section */
		A18CF133224879340042F11D /* AppDelegate.swift in Sources */ = {isa = PBXBuildFile; fileRef = A18CF132224879340042F11D /* AppDelegate.swift */; };
		A18CF135224879340042F11D /* ViewController.swift in Sources */ = {isa = PBXBuildFile; fileRef = A18CF134224879340042F11D /* ViewController.swift */; };
		A18CF137224879340042F11D /* Assets.xcassets in Resources */ = {isa = PBXBuildFile; fileRef = A18CF136224879340042F11D /* Assets.xcassets */; };
		A18CF13A224879340042F11D /* Main.storyboard in Resources */ = {isa = PBXBuildFile; fileRef = A18CF138224879340042F11D /* Main.storyboard */; };
		A18CF145224879A00042F11D /* TestObjC.m in Sources */ = {isa = PBXBuildFile; fileRef = A18CF144224879A00042F11D /* TestObjC.m */; };
		A18CF14822487A560042F11D /* libchatlib.a in Frameworks */ = {isa = PBXBuildFile; fileRef = A18CF14722487A560042F11D /* libchatlib.a */; };
		A18CF14A22487A590042F11D /* libscapix.a in Frameworks */ = {isa = PBXBuildFile; fileRef = A18CF14922487A590042F11D /* libscapix.a */; };
		A18CF14C22487A6E0042F11D /* libc++.tbd in Frameworks */ = {isa = PBXBuildFile; fileRef = A18CF14B22487A6E0042F11D /* libc++.tbd */; };
/* End PBXBuildFile section */

/* Begin PBXFileReference section */
		A18CF12F224879340042F11D /* chat.app */ = {isa = PBXFileReference; explicitFileType = wrapper.application; includeInIndex = 0; path = chat.app; sourceTree = BUILT_PRODUCTS_DIR; };
		A18CF132224879340042F11D /* AppDelegate.swift */ = {isa = PBXFileReference; lastKnownFileType = sourcecode.swift; path = AppDelegate.swift; sourceTree = "<group>"; };
		A18CF134224879340042F11D /* ViewController.swift */ = {isa = PBXFileReference; lastKnownFileType = sourcecode.swift; path = ViewController.swift; sourceTree = "<group>"; };
		A18CF136224879340042F11D /* Assets.xcassets */ = {isa = PBXFileReference; lastKnownFileType = folder.assetcatalog; path = Assets.xcassets; sourceTree = "<group>"; };
		A18CF139224879340042F11D /* Base */ = {isa = PBXFileReference; lastKnownFileType = file.storyboard; name = Base; path = Base.lproj/Main.storyboard; sourceTree = "<group>"; };
		A18CF13B224879350042F11D /* Info.plist */ = {isa = PBXFileReference; lastKnownFileType = text.plist.xml; path = Info.plist; sourceTree = "<group>"; };
		A18CF13C224879350042F11D /* chat.entitlements */ = {isa = PBXFileReference; lastKnownFileType = text.plist.entitlements; path = chat.entitlements; sourceTree = "<group>"; };
		A18CF142224879A00042F11D /* chat-Bridging-Header.h */ = {isa = PBXFileReference; lastKnownFileType = sourcecode.c.h; path = "chat-Bridging-Header.h"; sourceTree = "<group>"; };
		A18CF143224879A00042F11D /* TestObjC.h */ = {isa = PBXFileReference; lastKnownFileType = sourcecode.c.h; path = TestObjC.h; sourceTree = "<group>"; };
		A18CF144224879A00042F11D /* TestObjC.m */ = {isa = PBXFileReference; lastKnownFileType = sourcecode.c.objc; path = TestObjC.m; sourceTree = "<group>"; };
		A18CF14722487A560042F11D /* libchatlib.a */ = {isa = PBXFileReference; explicitFileType = archive.ar; path = libchatlib.a; sourceTree = BUILT_PRODUCTS_DIR; };
		A18CF14922487A590042F11D /* libscapix.a */ = {isa = PBXFileReference; explicitFileType = archive.ar; path = libscapix.a; sourceTree = BUILT_PRODUCTS_DIR; };
		A18CF14B22487A6E0042F11D /* libc++.tbd */ = {isa = PBXFileReference; lastKnownFileType = "sourcecode.text-based-dylib-definition"; name = "libc++.tbd"; path = "usr/lib/libc++.tbd"; sourceTree = SDKROOT; };
/* End PBXFileReference section */

/* Begin PBXFrameworksBuildPhase section */
		A18CF12C224879340042F11D /* Frameworks */ = {
			isa = PBXFrameworksBuildPhase;
			buildActionMask = 2147483647;
			files = (
				A18CF14822487A560042F11D /* libchatlib.a in Frameworks */,
				A18CF14A22487A590042F11D /* libscapix.a in Frameworks */,
				A18CF14C22487A6E0042F11D /* libc++.tbd in Frameworks */,
			);
			runOnlyForDeploymentPostprocessing = 0;
		};
/* End PBXFrameworksBuildPhase section */

/* Begin PBXGroup section */
		A18CF126224879340042F11D = {
			isa = PBXGroup;
			children = (
				A18CF131224879340042F11D /* chat */,
				A18CF130224879340042F11D /* Products */,
				A18CF14622487A560042F11D /* Frameworks */,
			);
			sourceTree = "<group>";
		};
		A18CF130224879340042F11D /* Products */ = {
			isa = PBXGroup;
			children = (
				A18CF12F224879340042F11D /* chat.app */,
			);
			name = Products;
			sourceTree = "<group>";
		};
		A18CF131224879340042F11D /* chat */ = {
			isa = PBXGroup;
			children = (
				A18CF132224879340042F11D /* AppDelegate.swift */,
				A18CF134224879340042F11D /* ViewController.swift */,
				A18CF136224879340042F11D /* Assets.xcassets */,
				A18CF138224879340042F11D /* Main.storyboard */,
				A18CF13B224879350042F11D /* Info.plist */,
				A18CF13C224879350042F11D /* chat.entitlements */,
				A18CF143224879A00042F11D /* TestObjC.h */,
				A18CF144224879A00042F11D /* TestObjC.m */,
				A18CF142224879A00042F11D /* chat-Bridging-Header.h */,
			);
			path = chat;
			sourceTree = "<group>";
		};
		A18CF14622487A560042F11D /* Frameworks */ = {
			isa = PBXGroup;
			children = (
				A18CF14B22487A6E0042F11D /* libc++.tbd */,
				A18CF14922487A590042F11D /* libscapix.a */,
				A18CF14722487A560042F11D /* libchatlib.a */,
			);
			name = Frameworks;
			sourceTree = "<group>";
		};
/* End PBXGroup section */

/* Begin PBXNativeTarget section */
		A18CF12E224879340042F11D /* chat */ = {
			isa = PBXNativeTarget;
			buildConfigurationList = A18CF13F224879350042F11D /* Build configuration list for PBXNativeTarget "chat" */;
			buildPhases = (
				A18CF12B224879340042F11D /* Sources */,
				A18CF12C224879340042F11D /* Frameworks */,
				A18CF12D224879340042F11D /* Resources */,
			);
			buildRules = (
			);
			dependencies = (
			);
			name = chat;
			productName = chat;
			productReference = A18CF12F224879340042F11D /* chat.app */;
			productType = "com.apple.product-type.application";
		};
/* End PBXNativeTarget section */

/* Begin PBXProject section */
		A18CF127224879340042F11D /* Project object */ = {
			isa = PBXProject;
			attributes = {
				LastSwiftUpdateCheck = 1010;
				LastUpgradeCheck = 1010;
				ORGANIZATIONNAME = Scapix;
				TargetAttributes = {
					A18CF12E224879340042F11D = {
						CreatedOnToolsVersion = 10.1;
						LastSwiftMigration = 1100;
					};
				};
			};
			buildConfigurationList = A18CF12A224879340042F11D /* Build configuration list for PBXProject "chat" */;
			compatibilityVersion = "Xcode 9.3";
			developmentRegion = en;
			hasScannedForEncodings = 0;
			knownRegions = (
				en,
				Base,
			);
			mainGroup = A18CF126224879340042F11D;
			productRefGroup = A18CF130224879340042F11D /* Products */;
			projectDirPath = "";
			projectRoot = "";
			targets = (
				A18CF12E224879340042F11D /* chat */,
			);
		};
/* End PBXProject section */

/* Begin PBXResourcesBuildPhase section */
		A18CF12D224879340042F11D /* Resources */ = {
			isa = PBXResourcesBuildPhase;
			buildActionMask = 2147483647;
			files = (
				A18CF137224879340042F11D /* Assets.xcassets in Resources */,
				A18CF13A224879340042F11D /* Main.storyboard in Resources */,
			);
			runOnlyForDeploymentPostprocessing = 0;
		};
/* End PBXResourcesBuildPhase section */

/* Begin PBXSourcesBuildPhase section */
		A18CF12B224879340042F11D /* Sources */ = {
			isa = PBXSourcesBuildPhase;
			buildActionMask = 2147483647;
			files = (
				A18CF135224879340042F11D /* ViewController.swift in Sources */,
				A18CF145224879A00042F11D /* TestObjC.m in Sources */,
				A18CF133224879340042F11D /* AppDelegate.swift in Sources */,
			);
			runOnlyForDeploymentPostprocessing = 0;
		};
/* End PBXSourcesBuildPhase section */

/* Begin PBXVariantGroup section */
		A18CF138224879340042F11D /* Main.storyboard */ = {
			isa = PBXVariantGroup;
			children = (
				A18CF139224879340042F11D /* Base */,
			);
			name = Main.storyboard;
			sourceTree = "<group>";
		};
/* End PBXVariantGroup section */

/* Begin XCBuildConfiguration section */
		A18CF13D224879350042F11D /* Debug */ = {
			isa = XCBuildConfiguration;
			buildSettings = {
				ALWAYS_SEARCH_USER_PATHS = NO;
				CLANG_ANALYZER_NONNULL = YES;
				CLANG_ANALYZER_NUMBER_OBJECT_CONVERSION = YES_AGGRESSIVE;
				CLANG_CXX_LANGUAGE_STANDARD = "gnu++14";
				CLANG_CXX_LIBRARY = "libc++";
				CLANG_ENABLE_MODULES = YES;
				CLANG_ENABLE_OBJC_ARC = YES;
				CLANG_ENABLE_OBJC_WEAK = YES;
				CLANG_WARN_BLOCK_CAPTURE_AUTORELEASING = YES;
				CLANG_WARN_BOOL_CONVERSION = YES;
				CLANG_WARN_COMMA = YES;
				CLANG_WARN_CONSTANT_CONVERSION = YES;
				CLANG_WARN_DEPRECATED_OBJC_IMPLEMENTATIONS = YES;
				CLANG_WARN_DIRECT_OBJC_ISA_USAGE = YES_ERROR;
				CLANG_WARN_DOCUMENTATION_COMMENTS = YES;
				CLANG_WARN_EMPTY_BODY = YES;
				CLANG_WARN_ENUM_CONVERSION = YES;
				CLANG_WARN_INFINITE_RECURSION = YES;
				CLANG_WARN_INT_CONVERSION = YES;
				CLANG_WARN_NON_LITERAL_NULL_CONVERSION = YES;
				CLANG_WARN_OBJC_IMPLICIT_RETAIN_SELF = YES;
				CLANG_WARN_OBJC_LITERAL_CONVERSION = YES;
				CLANG_WARN_OBJC_ROOT_CLASS = YES_ERROR;
				CLANG_WARN_RANGE_LOOP_ANALYSIS = YES;
				CLANG_WARN_STRICT_PROTOTYPES = YES;
				CLANG_WARN_SUSPICIOUS_MOVE = YES;
				CLANG_WARN_UNGUARDED_AVAILABILITY = YES_AGGRESSIVE;
				CLANG_WARN_UNREACHABLE_CODE = YES;
				CLANG_WARN__DUPLICATE_METHOD_MATCH = YES;
				CODE_SIGN_IDENTITY = "-";
				COPY_PHASE_STRIP = NO;
				DEBUG_INFORMATION_FORMAT = dwarf;
				ENABLE_STRICT_OBJC_MSGSEND = YES;
				ENABLE_TESTABILITY = YES;
				GCC_C_LANGUAGE_STANDARD = gnu11;
				GCC_DYNAMIC_NO_PIC = NO;
				GCC_NO_COMMON_BLOCKS = YES;
				GCC_OPTIMIZATION_LEVEL = 0;
				GCC_PREPROCESSOR_DEFINITIONS = (
					"DEBUG=1",
					"$(inherited)",
				);
				GCC_WARN_64_TO_32_BIT_CONVERSION = YES;
				GCC_WARN_ABOUT_RETURN_TYPE = YES_ERROR;
				GCC_WARN_UNDECLARED_SELECTOR = YES;
				GCC_WARN_UNINITIALIZED_AUTOS = YES_AGGRESSIVE;
				GCC_WARN_UNUSED_FUNCTION = YES;
				GCC_WARN_UNUSED_VARIABLE = YES;
				HEADER_SEARCH_PATHS = (
					../../../../scapix/source,
					../../../generated/bridge/objc,
				);
				MACOSX_DEPLOYMENT_TARGET = 10.13;
				MTL_ENABLE_DEBUG_INFO = INCLUDE_SOURCE;
				MTL_FAST_MATH = YES;
				ONLY_ACTIVE_ARCH = YES;
				SDKROOT = macosx;
				SWIFT_ACTIVE_COMPILATION_CONDITIONS = DEBUG;
				SWIFT_OPTIMIZATION_LEVEL = "-Onone";
			};
			name = Debug;
		};
		A18CF13E224879350042F11D /* Release */ = {
			isa = XCBuildConfiguration;
			buildSettings = {
				ALWAYS_SEARCH_USER_PATHS = NO;
				CLANG_ANALYZER_NONNULL = YES;
				CLANG_ANALYZER_NUMBER_OBJECT_CONVERSION = YES_AGGRESSIVE;
				CLANG_CXX_LANGUAGE_STANDARD = "gnu++14";
				CLANG_CXX_LIBRARY = "libc++";
				CLANG_ENABLE_MODULES = YES;
				CLANG_ENABLE_OBJC_ARC = YES;
				CLANG_ENABLE_OBJC_WEAK = YES;
				CLANG_WARN_BLOCK_CAPTURE_AUTORELEASING = YES;
				CLANG_WARN_BOOL_CONVERSION = YES;
				CLANG_WARN_COMMA = YES;
				CLANG_WARN_CONSTANT_CONVERSION = YES;
				CLANG_WARN_DEPRECATED_OBJC_IMPLEMENTATIONS = YES;
				CLANG_WARN_DIRECT_OBJC_ISA_USAGE = YES_ERROR;
				CLANG_WARN_DOCUMENTATION_COMMENTS = YES;
				CLANG_WARN_EMPTY_BODY = YES;
				CLANG_WARN_ENUM_CONVERSION = YES;
				CLANG_WARN_INFINITE_RECURSION = YES;
				CLANG_WARN_INT_CONVERSION = YES;
				CLANG_WARN_NON_LITERAL_NULL_CONVERSION = YES;
				CLANG_WARN_OBJC_IMPLICIT_RETAIN_SELF = YES;
				CLANG_WARN_OBJC_LITERAL_CONVERSION = YES;
				CLANG_WARN_OBJC_ROOT_CLASS = YES_ERROR;
				CLANG_WARN_RANGE_LOOP_ANALYSIS = YES;
				CLANG_WARN_STRICT_PROTOTYPES = YES;
				CLANG_WARN_SUSPICIOUS_MOVE = YES;
				CLANG_WARN_UNGUARDED_AVAILABILITY = YES_AGGRESSIVE;
				CLANG_WARN_UNREACHABLE_CODE = YES;
				CLANG_WARN__DUPLICATE_METHOD_MATCH = YES;
				CODE_SIGN_IDENTITY = "-";
				COPY_PHASE_STRIP = NO;
				DEBUG_INFORMATION_FORMAT = "dwarf-with-dsym";
				ENABLE_NS_ASSERTIONS = NO;
				ENABLE_STRICT_OBJC_MSGSEND = YES;
				GCC_C_LANGUAGE_STANDARD = gnu11;
				GCC_NO_COMMON_BLOCKS = YES;
				GCC_WARN_64_TO_32_BIT_CONVERSION = YES;
				GCC_WARN_ABOUT_RETURN_TYPE = YES_ERROR;
				GCC_WARN_UNDECLARED_SELECTOR = YES;
				GCC_WARN_UNINITIALIZED_AUTOS = YES_AGGRESSIVE;
				GCC_WARN_UNUSED_FUNCTION = YES;
				GCC_WARN_UNUSED_VARIABLE = YES;
				HEADER_SEARCH_PATHS = (
					../../../../scapix/source,
					../../../generated/bridge/objc,
				);
				MACOSX_DEPLOYMENT_TARGET = 10.13;
				MTL_ENABLE_DEBUG_INFO = NO;
				MTL_FAST_MATH = YES;
				SDKROOT = macosx;
				SWIFT_COMPILATION_MODE = wholemodule;
				SWIFT_OPTIMIZATION_LEVEL = "-O";
			};
			name = Release;
		};
		A18CF140224879350042F11D /* Debug */ = {
			isa = XCBuildConfiguration;
			buildSettings = {
				ASSETCATALOG_COMPILER_APPICON_NAME = AppIcon;
				CLANG_ENABLE_MODULES = YES;
				CODE_SIGN_ENTITLEMENTS = chat/chat.entitlements;
				CODE_SIGN_STYLE = Automatic;
				COMBINE_HIDPI_IMAGES = YES;
				INFOPLIST_FILE = chat/Info.plist;
				LD_RUNPATH_SEARCH_PATHS = (
					"$(inherited)",
					"@executable_path/../Frameworks",
				);
				PRODUCT_BUNDLE_IDENTIFIER = com.scapix.chat;
				PRODUCT_NAME = "$(TARGET_NAME)";
				SWIFT_OBJC_BRIDGING_HEADER = "chat/chat-Bridging-Header.h";
				SWIFT_OPTIMIZATION_LEVEL = "-Onone";
				SWIFT_VERSION = 5.0;
			};
			name = Debug;
		};
		A18CF141224879350042F11D /* Release */ = {
			isa = XCBuildConfiguration;
			buildSettings = {
				ASSETCATALOG_COMPILER_APPICON_NAME = AppIcon;
				CLANG_ENABLE_MODULES = YES;
				CODE_SIGN_ENTITLEMENTS = chat/chat.entitlements;
				CODE_SIGN_STYLE = Automatic;
				COMBINE_HIDPI_IMAGES = YES;
				INFOPLIST_FILE = chat/Info.plist;
				LD_RUNPATH_SEARCH_PATHS = (
					"$(inherited)",
					"@executable_path/../Frameworks",
				);
				PRODUCT_BUNDLE_IDENTIFIER = com.scapix.chat;
				PRODUCT_NAME = "$(TARGET_NAME)";
				SWIFT_OBJC_BRIDGING_HEADER = "chat/chat-Bridging-Header.h";
				SWIFT_VERSION = 5.0;
			};
			name = Release;
		};
/* End XCBuildConfiguration section */

/* Begin XCConfigurationList section */
		A18CF12A224879340042F11D /* Build configuration list for PBXProject "chat" */ = {
			isa = XCConfigurationList;
			buildConfigurations = (
				A18CF13D224879350042F11D /* Debug */,
				A18CF13E224879350042F11D /* Release */,
			);
			defaultConfigurationIsVisible = 0;
			defaultConfigurationName = Release;
		};
		A18CF13F224879350042F11D /* Build configuration list for PBXNativeTarget "chat" */ = {
			isa = XCConfigurationList;
			buildConfigurations = (
				A18CF140224879350042F11D /* Debug */,
				A18CF141224879350042F11D /* Release */,
			);
			defaultConfigurationIsVisible = 0;
			defaultConfigurationName = Release;
		};
/* End XCConfigurationList section */
	};
	rootObject = A18CF127224879340042F11D /* Project object */;
}
